// !$*UTF8*$!
{
	archiveVersion = 1;
	classes = {
	};
	objectVersion = 46;
	objects = {

/* Begin PBXBuildFile section */
		FEDE0E291DDCA8EE00266EF3 /* AppDelegate.swift in Sources */ = {isa = PBXBuildFile; fileRef = FEDE0E281DDCA8EE00266EF3 /* AppDelegate.swift */; };
		FEDE0E2B1DDCA8EE00266EF3 /* ViewController.swift in Sources */ = {isa = PBXBuildFile; fileRef = FEDE0E2A1DDCA8EE00266EF3 /* ViewController.swift */; };
		FEDE0E2E1DDCA8EE00266EF3 /* Main.storyboard in Resources */ = {isa = PBXBuildFile; fileRef = FEDE0E2C1DDCA8EE00266EF3 /* Main.storyboard */; };
		FEDE0E301DDCA8EE00266EF3 /* Assets.xcassets in Resources */ = {isa = PBXBuildFile; fileRef = FEDE0E2F1DDCA8EE00266EF3 /* Assets.xcassets */; };
		FEDE0E331DDCA8EE00266EF3 /* LaunchScreen.storyboard in Resources */ = {isa = PBXBuildFile; fileRef = FEDE0E311DDCA8EE00266EF3 /* LaunchScreen.storyboard */; };
		FEDE0E3E1DDCA8EE00266EF3 /* WordRankTests.swift in Sources */ = {isa = PBXBuildFile; fileRef = FEDE0E3D1DDCA8EE00266EF3 /* WordRankTests.swift */; };
		FEDE0E491DDCA8EE00266EF3 /* WordRankUITests.swift in Sources */ = {isa = PBXBuildFile; fileRef = FEDE0E481DDCA8EE00266EF3 /* WordRankUITests.swift */; };
/* End PBXBuildFile section */

/* Begin PBXContainerItemProxy section */
		FEDE0E3A1DDCA8EE00266EF3 /* PBXContainerItemProxy */ = {
			isa = PBXContainerItemProxy;
			containerPortal = FEDE0E1D1DDCA8EE00266EF3 /* Project object */;
			proxyType = 1;
			remoteGlobalIDString = FEDE0E241DDCA8EE00266EF3;
			remoteInfo = WordRank;
		};
		FEDE0E451DDCA8EE00266EF3 /* PBXContainerItemProxy */ = {
			isa = PBXContainerItemProxy;
			containerPortal = FEDE0E1D1DDCA8EE00266EF3 /* Project object */;
			proxyType = 1;
			remoteGlobalIDString = FEDE0E241DDCA8EE00266EF3;
			remoteInfo = WordRank;
		};
/* End PBXContainerItemProxy section */

/* Begin PBXFileReference section */
		FEDE0E251DDCA8EE00266EF3 /* WordRank.app */ = {isa = PBXFileReference; explicitFileType = wrapper.application; includeInIndex = 0; path = WordRank.app; sourceTree = BUILT_PRODUCTS_DIR; };
		FEDE0E281DDCA8EE00266EF3 /* AppDelegate.swift */ = {isa = PBXFileReference; lastKnownFileType = sourcecode.swift; path = AppDelegate.swift; sourceTree = "<group>"; };
		FEDE0E2A1DDCA8EE00266EF3 /* ViewController.swift */ = {isa = PBXFileReference; lastKnownFileType = sourcecode.swift; path = ViewController.swift; sourceTree = "<group>"; };
		FEDE0E2D1DDCA8EE00266EF3 /* Base */ = {isa = PBXFileReference; lastKnownFileType = file.storyboard; name = Base; path = Base.lproj/Main.storyboard; sourceTree = "<group>"; };
		FEDE0E2F1DDCA8EE00266EF3 /* Assets.xcassets */ = {isa = PBXFileReference; lastKnownFileType = folder.assetcatalog; path = Assets.xcassets; sourceTree = "<group>"; };
		FEDE0E321DDCA8EE00266EF3 /* Base */ = {isa = PBXFileReference; lastKnownFileType = file.storyboard; name = Base; path = Base.lproj/LaunchScreen.storyboard; sourceTree = "<group>"; };
		FEDE0E341DDCA8EE00266EF3 /* Info.plist */ = {isa = PBXFileReference; lastKnownFileType = text.plist.xml; path = Info.plist; sourceTree = "<group>"; };
		FEDE0E391DDCA8EE00266EF3 /* WordRankTests.xctest */ = {isa = PBXFileReference; explicitFileType = wrapper.cfbundle; includeInIndex = 0; path = WordRankTests.xctest; sourceTree = BUILT_PRODUCTS_DIR; };
		FEDE0E3D1DDCA8EE00266EF3 /* WordRankTests.swift */ = {isa = PBXFileReference; lastKnownFileType = sourcecode.swift; path = WordRankTests.swift; sourceTree = "<group>"; };
		FEDE0E3F1DDCA8EE00266EF3 /* Info.plist */ = {isa = PBXFileReference; lastKnownFileType = text.plist.xml; path = Info.plist; sourceTree = "<group>"; };
		FEDE0E441DDCA8EE00266EF3 /* WordRankUITests.xctest */ = {isa = PBXFileReference; explicitFileType = wrapper.cfbundle; includeInIndex = 0; path = WordRankUITests.xctest; sourceTree = BUILT_PRODUCTS_DIR; };
		FEDE0E481DDCA8EE00266EF3 /* WordRankUITests.swift */ = {isa = PBXFileReference; lastKnownFileType = sourcecode.swift; path = WordRankUITests.swift; sourceTree = "<group>"; };
		FEDE0E4A1DDCA8EE00266EF3 /* Info.plist */ = {isa = PBXFileReference; lastKnownFileType = text.plist.xml; path = Info.plist; sourceTree = "<group>"; };
/* End PBXFileReference section */

/* Begin PBXFrameworksBuildPhase section */
		FEDE0E221DDCA8EE00266EF3 /* Frameworks */ = {
			isa = PBXFrameworksBuildPhase;
			buildActionMask = 2147483647;
			files = (
			);
			runOnlyForDeploymentPostprocessing = 0;
		};
		FEDE0E361DDCA8EE00266EF3 /* Frameworks */ = {
			isa = PBXFrameworksBuildPhase;
			buildActionMask = 2147483647;
			files = (
			);
			runOnlyForDeploymentPostprocessing = 0;
		};
		FEDE0E411DDCA8EE00266EF3 /* Frameworks */ = {
			isa = PBXFrameworksBuildPhase;
			buildActionMask = 2147483647;
			files = (
			);
			runOnlyForDeploymentPostprocessing = 0;
		};
/* End PBXFrameworksBuildPhase section */

/* Begin PBXGroup section */
		FEDE0E1C1DDCA8EE00266EF3 = {
			isa = PBXGroup;
			children = (
				FEDE0E271DDCA8EE00266EF3 /* WordRank */,
				FEDE0E3C1DDCA8EE00266EF3 /* WordRankTests */,
				FEDE0E471DDCA8EE00266EF3 /* WordRankUITests */,
				FEDE0E261DDCA8EE00266EF3 /* Products */,
			);
			sourceTree = "<group>";
		};
		FEDE0E261DDCA8EE00266EF3 /* Products */ = {
			isa = PBXGroup;
			children = (
				FEDE0E251DDCA8EE00266EF3 /* WordRank.app */,
				FEDE0E391DDCA8EE00266EF3 /* WordRankTests.xctest */,
				FEDE0E441DDCA8EE00266EF3 /* WordRankUITests.xctest */,
			);
			name = Products;
			sourceTree = "<group>";
		};
		FEDE0E271DDCA8EE00266EF3 /* WordRank */ = {
			isa = PBXGroup;
			children = (
				FEDE0E281DDCA8EE00266EF3 /* AppDelegate.swift */,
				FEDE0E2A1DDCA8EE00266EF3 /* ViewController.swift */,
				FEDE0E2C1DDCA8EE00266EF3 /* Main.storyboard */,
				FEDE0E2F1DDCA8EE00266EF3 /* Assets.xcassets */,
				FEDE0E311DDCA8EE00266EF3 /* LaunchScreen.storyboard */,
				FEDE0E341DDCA8EE00266EF3 /* Info.plist */,
			);
			path = WordRank;
			sourceTree = "<group>";
		};
		FEDE0E3C1DDCA8EE00266EF3 /* WordRankTests */ = {
			isa = PBXGroup;
			children = (
				FEDE0E3D1DDCA8EE00266EF3 /* WordRankTests.swift */,
				FEDE0E3F1DDCA8EE00266EF3 /* Info.plist */,
			);
			path = WordRankTests;
			sourceTree = "<group>";
		};
		FEDE0E471DDCA8EE00266EF3 /* WordRankUITests */ = {
			isa = PBXGroup;
			children = (
				FEDE0E481DDCA8EE00266EF3 /* WordRankUITests.swift */,
				FEDE0E4A1DDCA8EE00266EF3 /* Info.plist */,
			);
			path = WordRankUITests;
			sourceTree = "<group>";
		};
/* End PBXGroup section */

/* Begin PBXNativeTarget section */
		FEDE0E241DDCA8EE00266EF3 /* WordRank */ = {
			isa = PBXNativeTarget;
			buildConfigurationList = FEDE0E4D1DDCA8EE00266EF3 /* Build configuration list for PBXNativeTarget "WordRank" */;
			buildPhases = (
				FEDE0E211DDCA8EE00266EF3 /* Sources */,
				FEDE0E221DDCA8EE00266EF3 /* Frameworks */,
				FEDE0E231DDCA8EE00266EF3 /* Resources */,
			);
			buildRules = (
			);
			dependencies = (
			);
			name = WordRank;
			productName = WordRank;
			productReference = FEDE0E251DDCA8EE00266EF3 /* WordRank.app */;
			productType = "com.apple.product-type.application";
		};
		FEDE0E381DDCA8EE00266EF3 /* WordRankTests */ = {
			isa = PBXNativeTarget;
			buildConfigurationList = FEDE0E501DDCA8EE00266EF3 /* Build configuration list for PBXNativeTarget "WordRankTests" */;
			buildPhases = (
				FEDE0E351DDCA8EE00266EF3 /* Sources */,
				FEDE0E361DDCA8EE00266EF3 /* Frameworks */,
				FEDE0E371DDCA8EE00266EF3 /* Resources */,
			);
			buildRules = (
			);
			dependencies = (
				FEDE0E3B1DDCA8EE00266EF3 /* PBXTargetDependency */,
			);
			name = WordRankTests;
			productName = WordRankTests;
			productReference = FEDE0E391DDCA8EE00266EF3 /* WordRankTests.xctest */;
			productType = "com.apple.product-type.bundle.unit-test";
		};
		FEDE0E431DDCA8EE00266EF3 /* WordRankUITests */ = {
			isa = PBXNativeTarget;
			buildConfigurationList = FEDE0E531DDCA8EE00266EF3 /* Build configuration list for PBXNativeTarget "WordRankUITests" */;
			buildPhases = (
				FEDE0E401DDCA8EE00266EF3 /* Sources */,
				FEDE0E411DDCA8EE00266EF3 /* Frameworks */,
				FEDE0E421DDCA8EE00266EF3 /* Resources */,
			);
			buildRules = (
			);
			dependencies = (
				FEDE0E461DDCA8EE00266EF3 /* PBXTargetDependency */,
			);
			name = WordRankUITests;
			productName = WordRankUITests;
			productReference = FEDE0E441DDCA8EE00266EF3 /* WordRankUITests.xctest */;
			productType = "com.apple.product-type.bundle.ui-testing";
		};
/* End PBXNativeTarget section */

/* Begin PBXProject section */
		FEDE0E1D1DDCA8EE00266EF3 /* Project object */ = {
			isa = PBXProject;
			attributes = {
				LastSwiftUpdateCheck = 0800;
				LastUpgradeCheck = 0800;
				ORGANIZATIONNAME = tengfei;
				TargetAttributes = {
					FEDE0E241DDCA8EE00266EF3 = {
						CreatedOnToolsVersion = 8.0;
						ProvisioningStyle = Automatic;
					};
					FEDE0E381DDCA8EE00266EF3 = {
						CreatedOnToolsVersion = 8.0;
						ProvisioningStyle = Automatic;
						TestTargetID = FEDE0E241DDCA8EE00266EF3;
					};
					FEDE0E431DDCA8EE00266EF3 = {
						CreatedOnToolsVersion = 8.0;
						ProvisioningStyle = Automatic;
						TestTargetID = FEDE0E241DDCA8EE00266EF3;
					};
				};
			};
			buildConfigurationList = FEDE0E201DDCA8EE00266EF3 /* Build configuration list for PBXProject "WordRank" */;
			compatibilityVersion = "Xcode 3.2";
			developmentRegion = English;
			hasScannedForEncodings = 0;
			knownRegions = (
				en,
				Base,
			);
			mainGroup = FEDE0E1C1DDCA8EE00266EF3;
			productRefGroup = FEDE0E261DDCA8EE00266EF3 /* Products */;
			projectDirPath = "";
			projectRoot = "";
			targets = (
				FEDE0E241DDCA8EE00266EF3 /* WordRank */,
				FEDE0E381DDCA8EE00266EF3 /* WordRankTests */,
				FEDE0E431DDCA8EE00266EF3 /* WordRankUITests */,
			);
		};
/* End PBXProject section */

/* Begin PBXResourcesBuildPhase section */
		FEDE0E231DDCA8EE00266EF3 /* Resources */ = {
			isa = PBXResourcesBuildPhase;
			buildActionMask = 2147483647;
			files = (
				FEDE0E331DDCA8EE00266EF3 /* LaunchScreen.storyboard in Resources */,
				FEDE0E301DDCA8EE00266EF3 /* Assets.xcassets in Resources */,
				FEDE0E2E1DDCA8EE00266EF3 /* Main.storyboard in Resources */,
			);
			runOnlyForDeploymentPostprocessing = 0;
		};
		FEDE0E371DDCA8EE00266EF3 /* Resources */ = {
			isa = PBXResourcesBuildPhase;
			buildActionMask = 2147483647;
			files = (
			);
			runOnlyForDeploymentPostprocessing = 0;
		};
		FEDE0E421DDCA8EE00266EF3 /* Resources */ = {
			isa = PBXResourcesBuildPhase;
			buildActionMask = 2147483647;
			files = (
			);
			runOnlyForDeploymentPostprocessing = 0;
		};
/* End PBXResourcesBuildPhase section */

/* Begin PBXSourcesBuildPhase section */
		FEDE0E211DDCA8EE00266EF3 /* Sources */ = {
			isa = PBXSourcesBuildPhase;
			buildActionMask = 2147483647;
			files = (
				FEDE0E2B1DDCA8EE00266EF3 /* ViewController.swift in Sources */,
				FEDE0E291DDCA8EE00266EF3 /* AppDelegate.swift in Sources */,
			);
			runOnlyForDeploymentPostprocessing = 0;
		};
		FEDE0E351DDCA8EE00266EF3 /* Sources */ = {
			isa = PBXSourcesBuildPhase;
			buildActionMask = 2147483647;
			files = (
				FEDE0E3E1DDCA8EE00266EF3 /* WordRankTests.swift in Sources */,
			);
			runOnlyForDeploymentPostprocessing = 0;
		};
		FEDE0E401DDCA8EE00266EF3 /* Sources */ = {
			isa = PBXSourcesBuildPhase;
			buildActionMask = 2147483647;
			files = (
				FEDE0E491DDCA8EE00266EF3 /* WordRankUITests.swift in Sources */,
			);
			runOnlyForDeploymentPostprocessing = 0;
		};
/* End PBXSourcesBuildPhase section */

/* Begin PBXTargetDependency section */
		FEDE0E3B1DDCA8EE00266EF3 /* PBXTargetDependency */ = {
			isa = PBXTargetDependency;
			target = FEDE0E241DDCA8EE00266EF3 /* WordRank */;
			targetProxy = FEDE0E3A1DDCA8EE00266EF3 /* PBXContainerItemProxy */;
		};
		FEDE0E461DDCA8EE00266EF3 /* PBXTargetDependency */ = {
			isa = PBXTargetDependency;
			target = FEDE0E241DDCA8EE00266EF3 /* WordRank */;
			targetProxy = FEDE0E451DDCA8EE00266EF3 /* PBXContainerItemProxy */;
		};
/* End PBXTargetDependency section */

/* Begin PBXVariantGroup section */
		FEDE0E2C1DDCA8EE00266EF3 /* Main.storyboard */ = {
			isa = PBXVariantGroup;
			children = (
				FEDE0E2D1DDCA8EE00266EF3 /* Base */,
			);
			name = Main.storyboard;
			sourceTree = "<group>";
		};
		FEDE0E311DDCA8EE00266EF3 /* LaunchScreen.storyboard */ = {
			isa = PBXVariantGroup;
			children = (
				FEDE0E321DDCA8EE00266EF3 /* Base */,
			);
			name = LaunchScreen.storyboard;
			sourceTree = "<group>";
		};
/* End PBXVariantGroup section */

/* Begin XCBuildConfiguration section */
		FEDE0E4B1DDCA8EE00266EF3 /* Debug */ = {
			isa = XCBuildConfiguration;
			buildSettings = {
				ALWAYS_SEARCH_USER_PATHS = NO;
				CLANG_ANALYZER_NONNULL = YES;
				CLANG_CXX_LANGUAGE_STANDARD = "gnu++0x";
				CLANG_CXX_LIBRARY = "libc++";
				CLANG_ENABLE_MODULES = YES;
				CLANG_ENABLE_OBJC_ARC = YES;
				CLANG_WARN_BOOL_CONVERSION = YES;
				CLANG_WARN_CONSTANT_CONVERSION = YES;
				CLANG_WARN_DIRECT_OBJC_ISA_USAGE = YES_ERROR;
				CLANG_WARN_DOCUMENTATION_COMMENTS = YES;
				CLANG_WARN_EMPTY_BODY = YES;
				CLANG_WARN_ENUM_CONVERSION = YES;
				CLANG_WARN_INFINITE_RECURSION = YES;
				CLANG_WARN_INT_CONVERSION = YES;
				CLANG_WARN_OBJC_ROOT_CLASS = YES_ERROR;
				CLANG_WARN_SUSPICIOUS_MOVES = YES;
				CLANG_WARN_UNREACHABLE_CODE = YES;
				CLANG_WARN__DUPLICATE_METHOD_MATCH = YES;
				"CODE_SIGN_IDENTITY[sdk=iphoneos*]" = "iPhone Developer";
				COPY_PHASE_STRIP = NO;
				DEBUG_INFORMATION_FORMAT = dwarf;
				ENABLE_STRICT_OBJC_MSGSEND = YES;
				ENABLE_TESTABILITY = YES;
				GCC_C_LANGUAGE_STANDARD = gnu99;
				GCC_DYNAMIC_NO_PIC = NO;
				GCC_NO_COMMON_BLOCKS = YES;
				GCC_OPTIMIZATION_LEVEL = 0;
				GCC_PREPROCESSOR_DEFINITIONS = (
					"DEBUG=1",
					"$(inherited)",
				);
				GCC_WARN_64_TO_32_BIT_CONVERSION = YES;
				GCC_WARN_ABOUT_RETURN_TYPE = YES_ERROR;
				GCC_WARN_UNDECLARED_SELECTOR = YES;
				GCC_WARN_UNINITIALIZED_AUTOS = YES_AGGRESSIVE;
				GCC_WARN_UNUSED_FUNCTION = YES;
				GCC_WARN_UNUSED_VARIABLE = YES;
				IPHONEOS_DEPLOYMENT_TARGET = 10.0;
				MTL_ENABLE_DEBUG_INFO = YES;
				ONLY_ACTIVE_ARCH = YES;
				SDKROOT = iphoneos;
				SWIFT_ACTIVE_COMPILATION_CONDITIONS = DEBUG;
				SWIFT_OPTIMIZATION_LEVEL = "-Onone";
				TARGETED_DEVICE_FAMILY = "1,2";
			};
			name = Debug;
		};
		FEDE0E4C1DDCA8EE00266EF3 /* Release */ = {
			isa = XCBuildConfiguration;
			buildSettings = {
				ALWAYS_SEARCH_USER_PATHS = NO;
				CLANG_ANALYZER_NONNULL = YES;
				CLANG_CXX_LANGUAGE_STANDARD = "gnu++0x";
				CLANG_CXX_LIBRARY = "libc++";
				CLANG_ENABLE_MODULES = YES;
				CLANG_ENABLE_OBJC_ARC = YES;
				CLANG_WARN_BOOL_CONVERSION = YES;
				CLANG_WARN_CONSTANT_CONVERSION = YES;
				CLANG_WARN_DIRECT_OBJC_ISA_USAGE = YES_ERROR;
				CLANG_WARN_DOCUMENTATION_COMMENTS = YES;
				CLANG_WARN_EMPTY_BODY = YES;
				CLANG_WARN_ENUM_CONVERSION = YES;
				CLANG_WARN_INFINITE_RECURSION = YES;
				CLANG_WARN_INT_CONVERSION = YES;
				CLANG_WARN_OBJC_ROOT_CLASS = YES_ERROR;
				CLANG_WARN_SUSPICIOUS_MOVES = YES;
				CLANG_WARN_UNREACHABLE_CODE = YES;
				CLANG_WARN__DUPLICATE_METHOD_MATCH = YES;
				"CODE_SIGN_IDENTITY[sdk=iphoneos*]" = "iPhone Developer";
				COPY_PHASE_STRIP = NO;
				DEBUG_INFORMATION_FORMAT = "dwarf-with-dsym";
				ENABLE_NS_ASSERTIONS = NO;
				ENABLE_STRICT_OBJC_MSGSEND = YES;
				GCC_C_LANGUAGE_STANDARD = gnu99;
				GCC_NO_COMMON_BLOCKS = YES;
				GCC_WARN_64_TO_32_BIT_CONVERSION = YES;
				GCC_WARN_ABOUT_RETURN_TYPE = YES_ERROR;
				GCC_WARN_UNDECLARED_SELECTOR = YES;
				GCC_WARN_UNINITIALIZED_AUTOS = YES_AGGRESSIVE;
				GCC_WARN_UNUSED_FUNCTION = YES;
				GCC_WARN_UNUSED_VARIABLE = YES;
				IPHONEOS_DEPLOYMENT_TARGET = 10.0;
				MTL_ENABLE_DEBUG_INFO = NO;
				SDKROOT = iphoneos;
				SWIFT_OPTIMIZATION_LEVEL = "-Owholemodule";
				TARGETED_DEVICE_FAMILY = "1,2";
				VALIDATE_PRODUCT = YES;
			};
			name = Release;
		};
		FEDE0E4E1DDCA8EE00266EF3 /* Debug */ = {
			isa = XCBuildConfiguration;
			buildSettings = {
				ASSETCATALOG_COMPILER_APPICON_NAME = AppIcon;
				INFOPLIST_FILE = WordRank/Info.plist;
				LD_RUNPATH_SEARCH_PATHS = "$(inherited) @executable_path/Frameworks";
				PRODUCT_BUNDLE_IDENTIFIER = com.ftf.WordRank;
				PRODUCT_NAME = "$(TARGET_NAME)";
				SWIFT_VERSION = 3.0;
			};
			name = Debug;
		};
		FEDE0E4F1DDCA8EE00266EF3 /* Release */ = {
			isa = XCBuildConfiguration;
			buildSettings = {
				ASSETCATALOG_COMPILER_APPICON_NAME = AppIcon;
				INFOPLIST_FILE = WordRank/Info.plist;
				LD_RUNPATH_SEARCH_PATHS = "$(inherited) @executable_path/Frameworks";
				PRODUCT_BUNDLE_IDENTIFIER = com.ftf.WordRank;
				PRODUCT_NAME = "$(TARGET_NAME)";
				SWIFT_VERSION = 3.0;
			};
			name = Release;
		};
		FEDE0E511DDCA8EE00266EF3 /* Debug */ = {
			isa = XCBuildConfiguration;
			buildSettings = {
				ALWAYS_EMBED_SWIFT_STANDARD_LIBRARIES = YES;
				BUNDLE_LOADER = "$(TEST_HOST)";
				INFOPLIST_FILE = WordRankTests/Info.plist;
				LD_RUNPATH_SEARCH_PATHS = "$(inherited) @executable_path/Frameworks @loader_path/Frameworks";
				PRODUCT_BUNDLE_IDENTIFIER = com.ftf.WordRankTests;
				PRODUCT_NAME = "$(TARGET_NAME)";
				SWIFT_VERSION = 3.0;
				TEST_HOST = "$(BUILT_PRODUCTS_DIR)/WordRank.app/WordRank";
			};
			name = Debug;
		};
		FEDE0E521DDCA8EE00266EF3 /* Release */ = {
			isa = XCBuildConfiguration;
			buildSettings = {
				ALWAYS_EMBED_SWIFT_STANDARD_LIBRARIES = YES;
				BUNDLE_LOADER = "$(TEST_HOST)";
				INFOPLIST_FILE = WordRankTests/Info.plist;
				LD_RUNPATH_SEARCH_PATHS = "$(inherited) @executable_path/Frameworks @loader_path/Frameworks";
				PRODUCT_BUNDLE_IDENTIFIER = com.ftf.WordRankTests;
				PRODUCT_NAME = "$(TARGET_NAME)";
				SWIFT_VERSION = 3.0;
				TEST_HOST = "$(BUILT_PRODUCTS_DIR)/WordRank.app/WordRank";
			};
			name = Release;
		};
		FEDE0E541DDCA8EE00266EF3 /* Debug */ = {
			isa = XCBuildConfiguration;
			buildSettings = {
				ALWAYS_EMBED_SWIFT_STANDARD_LIBRARIES = YES;
				INFOPLIST_FILE = WordRankUITests/Info.plist;
				LD_RUNPATH_SEARCH_PATHS = "$(inherited) @executable_path/Frameworks @loader_path/Frameworks";
				PRODUCT_BUNDLE_IDENTIFIER = com.ftf.WordRankUITests;
				PRODUCT_NAME = "$(TARGET_NAME)";
				SWIFT_VERSION = 3.0;
				TEST_TARGET_NAME = WordRank;
			};
			name = Debug;
		};
		FEDE0E551DDCA8EE00266EF3 /* Release */ = {
			isa = XCBuildConfiguration;
			buildSettings = {
				ALWAYS_EMBED_SWIFT_STANDARD_LIBRARIES = YES;
				INFOPLIST_FILE = WordRankUITests/Info.plist;
				LD_RUNPATH_SEARCH_PATHS = "$(inherited) @executable_path/Frameworks @loader_path/Frameworks";
				PRODUCT_BUNDLE_IDENTIFIER = com.ftf.WordRankUITests;
				PRODUCT_NAME = "$(TARGET_NAME)";
				SWIFT_VERSION = 3.0;
				TEST_TARGET_NAME = WordRank;
			};
			name = Release;
		};
/* End XCBuildConfiguration section */

/* Begin XCConfigurationList section */
		FEDE0E201DDCA8EE00266EF3 /* Build configuration list for PBXProject "WordRank" */ = {
			isa = XCConfigurationList;
			buildConfigurations = (
				FEDE0E4B1DDCA8EE00266EF3 /* Debug */,
				FEDE0E4C1DDCA8EE00266EF3 /* Release */,
			);
			defaultConfigurationIsVisible = 0;
			defaultConfigurationName = Release;
		};
		FEDE0E4D1DDCA8EE00266EF3 /* Build configuration list for PBXNativeTarget "WordRank" */ = {
			isa = XCConfigurationList;
			buildConfigurations = (
				FEDE0E4E1DDCA8EE00266EF3 /* Debug */,
				FEDE0E4F1DDCA8EE00266EF3 /* Release */,
			);
			defaultConfigurationIsVisible = 0;
		};
		FEDE0E501DDCA8EE00266EF3 /* Build configuration list for PBXNativeTarget "WordRankTests" */ = {
			isa = XCConfigurationList;
			buildConfigurations = (
				FEDE0E511DDCA8EE00266EF3 /* Debug */,
				FEDE0E521DDCA8EE00266EF3 /* Release */,
			);
			defaultConfigurationIsVisible = 0;
		};
		FEDE0E531DDCA8EE00266EF3 /* Build configuration list for PBXNativeTarget "WordRankUITests" */ = {
			isa = XCConfigurationList;
			buildConfigurations = (
				FEDE0E541DDCA8EE00266EF3 /* Debug */,
				FEDE0E551DDCA8EE00266EF3 /* Release */,
			);
			defaultConfigurationIsVisible = 0;
		};
/* End XCConfigurationList section */
	};
	rootObject = FEDE0E1D1DDCA8EE00266EF3 /* Project object */;
}
