// !$*UTF8*$!
{
	archiveVersion = 1;
	classes = {
	};
	objectVersion = 46;
	objects = {

/* Begin PBXBuildFile section */
		17071981ED1D505D6C1C4207 /* Pods.framework in Frameworks */ = {isa = PBXBuildFile; fileRef = 94E84EFC62B643C3DFD32318 /* Pods.framework */; };
		FE2C93B11C9ED694005C0261 /* AppDelegate.swift in Sources */ = {isa = PBXBuildFile; fileRef = FE2C93B01C9ED694005C0261 /* AppDelegate.swift */; };
		FE2C93B31C9ED694005C0261 /* ViewController.swift in Sources */ = {isa = PBXBuildFile; fileRef = FE2C93B21C9ED694005C0261 /* ViewController.swift */; };
		FE2C93B61C9ED694005C0261 /* Main.storyboard in Resources */ = {isa = PBXBuildFile; fileRef = FE2C93B41C9ED694005C0261 /* Main.storyboard */; };
		FE2C93B81C9ED694005C0261 /* Assets.xcassets in Resources */ = {isa = PBXBuildFile; fileRef = FE2C93B71C9ED694005C0261 /* Assets.xcassets */; };
		FE2C93BB1C9ED694005C0261 /* LaunchScreen.storyboard in Resources */ = {isa = PBXBuildFile; fileRef = FE2C93B91C9ED694005C0261 /* LaunchScreen.storyboard */; };
		FE2C93C61C9ED694005C0261 /* GitHuberTests.swift in Sources */ = {isa = PBXBuildFile; fileRef = FE2C93C51C9ED694005C0261 /* GitHuberTests.swift */; };
		FE2C93D11C9ED694005C0261 /* GitHuberUITests.swift in Sources */ = {isa = PBXBuildFile; fileRef = FE2C93D01C9ED694005C0261 /* GitHuberUITests.swift */; };
		FE2C93DF1C9ED6E4005C0261 /* TFCommon.swift in Sources */ = {isa = PBXBuildFile; fileRef = FE2C93DE1C9ED6E4005C0261 /* TFCommon.swift */; };
		FE2C93F11CA029EB005C0261 /* HomeViewController.swift in Sources */ = {isa = PBXBuildFile; fileRef = FE2C93F01CA029EB005C0261 /* HomeViewController.swift */; };
		FE2C93F51CA0389A005C0261 /* APINetTools.swift in Sources */ = {isa = PBXBuildFile; fileRef = FE2C93F41CA0389A005C0261 /* APINetTools.swift */; };
		FE2C93F91CA17FDE005C0261 /* BaseViewController.swift in Sources */ = {isa = PBXBuildFile; fileRef = FE2C93F81CA17FDE005C0261 /* BaseViewController.swift */; };
		FE2C93FB1CA1801D005C0261 /* BaseTableViewController.swift in Sources */ = {isa = PBXBuildFile; fileRef = FE2C93FA1CA1801D005C0261 /* BaseTableViewController.swift */; };
		FE2C93FD1CA18046005C0261 /* Base_TableViewController.swift in Sources */ = {isa = PBXBuildFile; fileRef = FE2C93FC1CA18046005C0261 /* Base_TableViewController.swift */; };
		FE391D851CA77C6D004C8FA7 /* UserButton.swift in Sources */ = {isa = PBXBuildFile; fileRef = FE391D841CA77C6D004C8FA7 /* UserButton.swift */; };
		FE391D871CA77C7B004C8FA7 /* UserButton.xib in Resources */ = {isa = PBXBuildFile; fileRef = FE391D861CA77C7B004C8FA7 /* UserButton.xib */; };
		FE4A2A6F1CA635BA0038CF31 /* City.plist in Resources */ = {isa = PBXBuildFile; fileRef = FE4A2A6E1CA635BA0038CF31 /* City.plist */; };
		FE4A2A711CA636860038CF31 /* ChooseCityView.swift in Sources */ = {isa = PBXBuildFile; fileRef = FE4A2A701CA636860038CF31 /* ChooseCityView.swift */; };
		FE4A2A731CA636940038CF31 /* ChooseCityView.xib in Resources */ = {isa = PBXBuildFile; fileRef = FE4A2A721CA636940038CF31 /* ChooseCityView.xib */; };
		FE4A2A751CA648950038CF31 /* RankUser.swift in Sources */ = {isa = PBXBuildFile; fileRef = FE4A2A741CA648950038CF31 /* RankUser.swift */; };
		FE4A2A771CA64E200038CF31 /* RankCell.swift in Sources */ = {isa = PBXBuildFile; fileRef = FE4A2A761CA64E200038CF31 /* RankCell.swift */; };
		FE5CD8421CA5508B00ACD52A /* ChooseLanguageView.swift in Sources */ = {isa = PBXBuildFile; fileRef = FE5CD8411CA5508B00ACD52A /* ChooseLanguageView.swift */; };
		FE5CD8441CA5509600ACD52A /* ChooseLanguageView.xib in Resources */ = {isa = PBXBuildFile; fileRef = FE5CD8431CA5509600ACD52A /* ChooseLanguageView.xib */; };
		FE798BA61CA53F7F004CADD8 /* ExploreViewController.swift in Sources */ = {isa = PBXBuildFile; fileRef = FE798BA51CA53F7F004CADD8 /* ExploreViewController.swift */; };
		FE798BA81CA53F8C004CADD8 /* RankViewController.swift in Sources */ = {isa = PBXBuildFile; fileRef = FE798BA71CA53F8C004CADD8 /* RankViewController.swift */; };
		FE798BAA1CA53F96004CADD8 /* MeViewController.swift in Sources */ = {isa = PBXBuildFile; fileRef = FE798BA91CA53F96004CADD8 /* MeViewController.swift */; };
		FEA7B04A1CA56476007B0E94 /* BaseNavigationController.swift in Sources */ = {isa = PBXBuildFile; fileRef = FEA7B0491CA56476007B0E94 /* BaseNavigationController.swift */; };
		FEA7B04C1CA57691007B0E94 /* TrendModel.swift in Sources */ = {isa = PBXBuildFile; fileRef = FEA7B04B1CA57691007B0E94 /* TrendModel.swift */; };
		FEA7B04E1CA5781D007B0E94 /* Owner.swift in Sources */ = {isa = PBXBuildFile; fileRef = FEA7B04D1CA5781D007B0E94 /* Owner.swift */; };
		FEA7B0501CA57F37007B0E94 /* ExploreCell.swift in Sources */ = {isa = PBXBuildFile; fileRef = FEA7B04F1CA57F37007B0E94 /* ExploreCell.swift */; };
		FEA7B0531CA62ADB007B0E94 /* ChooseLanguageCell.swift in Sources */ = {isa = PBXBuildFile; fileRef = FEA7B0511CA62ADB007B0E94 /* ChooseLanguageCell.swift */; };
		FEA7B0541CA62ADB007B0E94 /* ChooseLanguageCell.xib in Resources */ = {isa = PBXBuildFile; fileRef = FEA7B0521CA62ADB007B0E94 /* ChooseLanguageCell.xib */; };
		FEB918E51CA69A21008B5149 /* SettingViewController.swift in Sources */ = {isa = PBXBuildFile; fileRef = FEB918E41CA69A21008B5149 /* SettingViewController.swift */; };
		FEB918E71CA6A1E0008B5149 /* AboutViewController.swift in Sources */ = {isa = PBXBuildFile; fileRef = FEB918E61CA6A1E0008B5149 /* AboutViewController.swift */; };
		FEB918E91CA6B5C5008B5149 /* UserDetailViewController.swift in Sources */ = {isa = PBXBuildFile; fileRef = FEB918E81CA6B5C5008B5149 /* UserDetailViewController.swift */; };
		FEB918ED1CA6B5CD008B5149 /* UserDetailHeader.swift in Sources */ = {isa = PBXBuildFile; fileRef = FEB918EA1CA6B5CD008B5149 /* UserDetailHeader.swift */; };
		FEB918EE1CA6B5CD008B5149 /* UserDetailHeader.xib in Resources */ = {isa = PBXBuildFile; fileRef = FEB918EB1CA6B5CD008B5149 /* UserDetailHeader.xib */; };
		FEB918EF1CA6B5CD008B5149 /* UserListCell.swift in Sources */ = {isa = PBXBuildFile; fileRef = FEB918EC1CA6B5CD008B5149 /* UserListCell.swift */; };
		FEB918F11CA6B784008B5149 /* UserEventViewController.swift in Sources */ = {isa = PBXBuildFile; fileRef = FEB918F01CA6B784008B5149 /* UserEventViewController.swift */; };
		FEB918F31CA6CC9F008B5149 /* EventModel.swift in Sources */ = {isa = PBXBuildFile; fileRef = FEB918F21CA6CC9F008B5149 /* EventModel.swift */; };
		FEB918F51CA6CE3A008B5149 /* EventActor.swift in Sources */ = {isa = PBXBuildFile; fileRef = FEB918F41CA6CE3A008B5149 /* EventActor.swift */; };
		FEB918F71CA6CE52008B5149 /* EventRepo.swift in Sources */ = {isa = PBXBuildFile; fileRef = FEB918F61CA6CE52008B5149 /* EventRepo.swift */; };
		FEB918F91CA6CE65008B5149 /* EventPayload.swift in Sources */ = {isa = PBXBuildFile; fileRef = FEB918F81CA6CE65008B5149 /* EventPayload.swift */; };
		FEB918FB1CA6DA30008B5149 /* UserDetailModel.swift in Sources */ = {isa = PBXBuildFile; fileRef = FEB918FA1CA6DA30008B5149 /* UserDetailModel.swift */; };
		FEB9190B1CA6F1D5008B5149 /* Constraint.swift in Sources */ = {isa = PBXBuildFile; fileRef = FEB918FD1CA6F1D5008B5149 /* Constraint.swift */; };
		FEB9190C1CA6F1D5008B5149 /* ConstraintAttributes.swift in Sources */ = {isa = PBXBuildFile; fileRef = FEB918FE1CA6F1D5008B5149 /* ConstraintAttributes.swift */; };
		FEB9190D1CA6F1D5008B5149 /* ConstraintDescription.swift in Sources */ = {isa = PBXBuildFile; fileRef = FEB918FF1CA6F1D5008B5149 /* ConstraintDescription.swift */; };
		FEB9190E1CA6F1D5008B5149 /* ConstraintItem.swift in Sources */ = {isa = PBXBuildFile; fileRef = FEB919001CA6F1D5008B5149 /* ConstraintItem.swift */; };
		FEB9190F1CA6F1D5008B5149 /* ConstraintMaker.swift in Sources */ = {isa = PBXBuildFile; fileRef = FEB919011CA6F1D5008B5149 /* ConstraintMaker.swift */; };
		FEB919101CA6F1D5008B5149 /* ConstraintRelation.swift in Sources */ = {isa = PBXBuildFile; fileRef = FEB919021CA6F1D5008B5149 /* ConstraintRelation.swift */; };
		FEB919111CA6F1D5008B5149 /* Debugging.swift in Sources */ = {isa = PBXBuildFile; fileRef = FEB919031CA6F1D5008B5149 /* Debugging.swift */; };
		FEB919121CA6F1D5008B5149 /* EdgeInsets.swift in Sources */ = {isa = PBXBuildFile; fileRef = FEB919041CA6F1D5008B5149 /* EdgeInsets.swift */; };
		FEB919131CA6F1D5008B5149 /* Info.plist in Resources */ = {isa = PBXBuildFile; fileRef = FEB919051CA6F1D5008B5149 /* Info.plist */; };
		FEB919141CA6F1D5008B5149 /* LayoutConstraint.swift in Sources */ = {isa = PBXBuildFile; fileRef = FEB919061CA6F1D5008B5149 /* LayoutConstraint.swift */; };
		FEB919151CA6F1D5008B5149 /* SnapKit.swift in Sources */ = {isa = PBXBuildFile; fileRef = FEB919081CA6F1D5008B5149 /* SnapKit.swift */; };
		FEB919161CA6F1D5008B5149 /* View+SnapKit.swift in Sources */ = {isa = PBXBuildFile; fileRef = FEB919091CA6F1D5008B5149 /* View+SnapKit.swift */; };
		FEB919171CA6F1D5008B5149 /* ViewController+SnapKit.swift in Sources */ = {isa = PBXBuildFile; fileRef = FEB9190A1CA6F1D5008B5149 /* ViewController+SnapKit.swift */; };
/* End PBXBuildFile section */

/* Begin PBXContainerItemProxy section */
		FE2C93C21C9ED694005C0261 /* PBXContainerItemProxy */ = {
			isa = PBXContainerItemProxy;
			containerPortal = FE2C93A51C9ED694005C0261 /* Project object */;
			proxyType = 1;
			remoteGlobalIDString = FE2C93AC1C9ED694005C0261;
			remoteInfo = GitHuber;
		};
		FE2C93CD1C9ED694005C0261 /* PBXContainerItemProxy */ = {
			isa = PBXContainerItemProxy;
			containerPortal = FE2C93A51C9ED694005C0261 /* Project object */;
			proxyType = 1;
			remoteGlobalIDString = FE2C93AC1C9ED694005C0261;
			remoteInfo = GitHuber;
		};
/* End PBXContainerItemProxy section */

/* Begin PBXFileReference section */
		385481D4C6B4CA0A6E418363 /* Pods.release.xcconfig */ = {isa = PBXFileReference; includeInIndex = 1; lastKnownFileType = text.xcconfig; name = Pods.release.xcconfig; path = "Pods/Target Support Files/Pods/Pods.release.xcconfig"; sourceTree = "<group>"; };
		94E84EFC62B643C3DFD32318 /* Pods.framework */ = {isa = PBXFileReference; explicitFileType = wrapper.framework; includeInIndex = 0; path = Pods.framework; sourceTree = BUILT_PRODUCTS_DIR; };
		C6DB65FA6E221DAADD0147B6 /* Pods.debug.xcconfig */ = {isa = PBXFileReference; includeInIndex = 1; lastKnownFileType = text.xcconfig; name = Pods.debug.xcconfig; path = "Pods/Target Support Files/Pods/Pods.debug.xcconfig"; sourceTree = "<group>"; };
		FE2C93AD1C9ED694005C0261 /* GitHuber.app */ = {isa = PBXFileReference; explicitFileType = wrapper.application; includeInIndex = 0; path = GitHuber.app; sourceTree = BUILT_PRODUCTS_DIR; };
		FE2C93B01C9ED694005C0261 /* AppDelegate.swift */ = {isa = PBXFileReference; lastKnownFileType = sourcecode.swift; path = AppDelegate.swift; sourceTree = "<group>"; };
		FE2C93B21C9ED694005C0261 /* ViewController.swift */ = {isa = PBXFileReference; lastKnownFileType = sourcecode.swift; path = ViewController.swift; sourceTree = "<group>"; };
		FE2C93B51C9ED694005C0261 /* Base */ = {isa = PBXFileReference; lastKnownFileType = file.storyboard; name = Base; path = Base.lproj/Main.storyboard; sourceTree = "<group>"; };
		FE2C93B71C9ED694005C0261 /* Assets.xcassets */ = {isa = PBXFileReference; lastKnownFileType = folder.assetcatalog; path = Assets.xcassets; sourceTree = "<group>"; };
		FE2C93BA1C9ED694005C0261 /* Base */ = {isa = PBXFileReference; lastKnownFileType = file.storyboard; name = Base; path = Base.lproj/LaunchScreen.storyboard; sourceTree = "<group>"; };
		FE2C93BC1C9ED694005C0261 /* Info.plist */ = {isa = PBXFileReference; lastKnownFileType = text.plist.xml; path = Info.plist; sourceTree = "<group>"; };
		FE2C93C11C9ED694005C0261 /* GitHuberTests.xctest */ = {isa = PBXFileReference; explicitFileType = wrapper.cfbundle; includeInIndex = 0; path = GitHuberTests.xctest; sourceTree = BUILT_PRODUCTS_DIR; };
		FE2C93C51C9ED694005C0261 /* GitHuberTests.swift */ = {isa = PBXFileReference; lastKnownFileType = sourcecode.swift; path = GitHuberTests.swift; sourceTree = "<group>"; };
		FE2C93C71C9ED694005C0261 /* Info.plist */ = {isa = PBXFileReference; lastKnownFileType = text.plist.xml; path = Info.plist; sourceTree = "<group>"; };
		FE2C93CC1C9ED694005C0261 /* GitHuberUITests.xctest */ = {isa = PBXFileReference; explicitFileType = wrapper.cfbundle; includeInIndex = 0; path = GitHuberUITests.xctest; sourceTree = BUILT_PRODUCTS_DIR; };
		FE2C93D01C9ED694005C0261 /* GitHuberUITests.swift */ = {isa = PBXFileReference; lastKnownFileType = sourcecode.swift; path = GitHuberUITests.swift; sourceTree = "<group>"; };
		FE2C93D21C9ED694005C0261 /* Info.plist */ = {isa = PBXFileReference; lastKnownFileType = text.plist.xml; path = Info.plist; sourceTree = "<group>"; };
		FE2C93DE1C9ED6E4005C0261 /* TFCommon.swift */ = {isa = PBXFileReference; fileEncoding = 4; lastKnownFileType = sourcecode.swift; path = TFCommon.swift; sourceTree = "<group>"; };
		FE2C93F01CA029EB005C0261 /* HomeViewController.swift */ = {isa = PBXFileReference; fileEncoding = 4; lastKnownFileType = sourcecode.swift; path = HomeViewController.swift; sourceTree = "<group>"; };
		FE2C93F41CA0389A005C0261 /* APINetTools.swift */ = {isa = PBXFileReference; fileEncoding = 4; lastKnownFileType = sourcecode.swift; path = APINetTools.swift; sourceTree = "<group>"; };
		FE2C93F81CA17FDE005C0261 /* BaseViewController.swift */ = {isa = PBXFileReference; fileEncoding = 4; lastKnownFileType = sourcecode.swift; path = BaseViewController.swift; sourceTree = "<group>"; };
		FE2C93FA1CA1801D005C0261 /* BaseTableViewController.swift */ = {isa = PBXFileReference; fileEncoding = 4; lastKnownFileType = sourcecode.swift; path = BaseTableViewController.swift; sourceTree = "<group>"; };
		FE2C93FC1CA18046005C0261 /* Base_TableViewController.swift */ = {isa = PBXFileReference; fileEncoding = 4; lastKnownFileType = sourcecode.swift; path = Base_TableViewController.swift; sourceTree = "<group>"; };
		FE391D841CA77C6D004C8FA7 /* UserButton.swift */ = {isa = PBXFileReference; fileEncoding = 4; lastKnownFileType = sourcecode.swift; path = UserButton.swift; sourceTree = "<group>"; };
		FE391D861CA77C7B004C8FA7 /* UserButton.xib */ = {isa = PBXFileReference; fileEncoding = 4; lastKnownFileType = file.xib; path = UserButton.xib; sourceTree = "<group>"; };
		FE4A2A6E1CA635BA0038CF31 /* City.plist */ = {isa = PBXFileReference; fileEncoding = 4; lastKnownFileType = text.plist.xml; path = City.plist; sourceTree = "<group>"; };
		FE4A2A701CA636860038CF31 /* ChooseCityView.swift */ = {isa = PBXFileReference; fileEncoding = 4; lastKnownFileType = sourcecode.swift; path = ChooseCityView.swift; sourceTree = "<group>"; };
		FE4A2A721CA636940038CF31 /* ChooseCityView.xib */ = {isa = PBXFileReference; fileEncoding = 4; lastKnownFileType = file.xib; path = ChooseCityView.xib; sourceTree = "<group>"; };
		FE4A2A741CA648950038CF31 /* RankUser.swift */ = {isa = PBXFileReference; fileEncoding = 4; lastKnownFileType = sourcecode.swift; path = RankUser.swift; sourceTree = "<group>"; };
		FE4A2A761CA64E200038CF31 /* RankCell.swift */ = {isa = PBXFileReference; fileEncoding = 4; lastKnownFileType = sourcecode.swift; path = RankCell.swift; sourceTree = "<group>"; };
		FE5CD8411CA5508B00ACD52A /* ChooseLanguageView.swift */ = {isa = PBXFileReference; fileEncoding = 4; lastKnownFileType = sourcecode.swift; path = ChooseLanguageView.swift; sourceTree = "<group>"; };
		FE5CD8431CA5509600ACD52A /* ChooseLanguageView.xib */ = {isa = PBXFileReference; fileEncoding = 4; lastKnownFileType = file.xib; path = ChooseLanguageView.xib; sourceTree = "<group>"; };
		FE798BA51CA53F7F004CADD8 /* ExploreViewController.swift */ = {isa = PBXFileReference; fileEncoding = 4; lastKnownFileType = sourcecode.swift; path = ExploreViewController.swift; sourceTree = "<group>"; };
		FE798BA71CA53F8C004CADD8 /* RankViewController.swift */ = {isa = PBXFileReference; fileEncoding = 4; lastKnownFileType = sourcecode.swift; path = RankViewController.swift; sourceTree = "<group>"; };
		FE798BA91CA53F96004CADD8 /* MeViewController.swift */ = {isa = PBXFileReference; fileEncoding = 4; lastKnownFileType = sourcecode.swift; path = MeViewController.swift; sourceTree = "<group>"; };
		FEA7B0491CA56476007B0E94 /* BaseNavigationController.swift */ = {isa = PBXFileReference; fileEncoding = 4; lastKnownFileType = sourcecode.swift; path = BaseNavigationController.swift; sourceTree = "<group>"; };
		FEA7B04B1CA57691007B0E94 /* TrendModel.swift */ = {isa = PBXFileReference; fileEncoding = 4; lastKnownFileType = sourcecode.swift; path = TrendModel.swift; sourceTree = "<group>"; };
		FEA7B04D1CA5781D007B0E94 /* Owner.swift */ = {isa = PBXFileReference; fileEncoding = 4; lastKnownFileType = sourcecode.swift; path = Owner.swift; sourceTree = "<group>"; };
		FEA7B04F1CA57F37007B0E94 /* ExploreCell.swift */ = {isa = PBXFileReference; fileEncoding = 4; lastKnownFileType = sourcecode.swift; path = ExploreCell.swift; sourceTree = "<group>"; };
		FEA7B0511CA62ADB007B0E94 /* ChooseLanguageCell.swift */ = {isa = PBXFileReference; fileEncoding = 4; lastKnownFileType = sourcecode.swift; path = ChooseLanguageCell.swift; sourceTree = "<group>"; };
		FEA7B0521CA62ADB007B0E94 /* ChooseLanguageCell.xib */ = {isa = PBXFileReference; fileEncoding = 4; lastKnownFileType = file.xib; path = ChooseLanguageCell.xib; sourceTree = "<group>"; };
		FEB918E41CA69A21008B5149 /* SettingViewController.swift */ = {isa = PBXFileReference; fileEncoding = 4; lastKnownFileType = sourcecode.swift; path = SettingViewController.swift; sourceTree = "<group>"; };
		FEB918E61CA6A1E0008B5149 /* AboutViewController.swift */ = {isa = PBXFileReference; fileEncoding = 4; lastKnownFileType = sourcecode.swift; path = AboutViewController.swift; sourceTree = "<group>"; };
		FEB918E81CA6B5C5008B5149 /* UserDetailViewController.swift */ = {isa = PBXFileReference; fileEncoding = 4; lastKnownFileType = sourcecode.swift; path = UserDetailViewController.swift; sourceTree = "<group>"; };
		FEB918EA1CA6B5CD008B5149 /* UserDetailHeader.swift */ = {isa = PBXFileReference; fileEncoding = 4; lastKnownFileType = sourcecode.swift; path = UserDetailHeader.swift; sourceTree = "<group>"; };
		FEB918EB1CA6B5CD008B5149 /* UserDetailHeader.xib */ = {isa = PBXFileReference; fileEncoding = 4; lastKnownFileType = file.xib; path = UserDetailHeader.xib; sourceTree = "<group>"; };
		FEB918EC1CA6B5CD008B5149 /* UserListCell.swift */ = {isa = PBXFileReference; fileEncoding = 4; lastKnownFileType = sourcecode.swift; path = UserListCell.swift; sourceTree = "<group>"; };
		FEB918F01CA6B784008B5149 /* UserEventViewController.swift */ = {isa = PBXFileReference; fileEncoding = 4; lastKnownFileType = sourcecode.swift; path = UserEventViewController.swift; sourceTree = "<group>"; };
		FEB918F21CA6CC9F008B5149 /* EventModel.swift */ = {isa = PBXFileReference; fileEncoding = 4; lastKnownFileType = sourcecode.swift; path = EventModel.swift; sourceTree = "<group>"; };
		FEB918F41CA6CE3A008B5149 /* EventActor.swift */ = {isa = PBXFileReference; fileEncoding = 4; lastKnownFileType = sourcecode.swift; path = EventActor.swift; sourceTree = "<group>"; };
		FEB918F61CA6CE52008B5149 /* EventRepo.swift */ = {isa = PBXFileReference; fileEncoding = 4; lastKnownFileType = sourcecode.swift; path = EventRepo.swift; sourceTree = "<group>"; };
		FEB918F81CA6CE65008B5149 /* EventPayload.swift */ = {isa = PBXFileReference; fileEncoding = 4; lastKnownFileType = sourcecode.swift; path = EventPayload.swift; sourceTree = "<group>"; };
		FEB918FA1CA6DA30008B5149 /* UserDetailModel.swift */ = {isa = PBXFileReference; fileEncoding = 4; lastKnownFileType = sourcecode.swift; path = UserDetailModel.swift; sourceTree = "<group>"; };
		FEB918FD1CA6F1D5008B5149 /* Constraint.swift */ = {isa = PBXFileReference; fileEncoding = 4; lastKnownFileType = sourcecode.swift; path = Constraint.swift; sourceTree = "<group>"; };
		FEB918FE1CA6F1D5008B5149 /* ConstraintAttributes.swift */ = {isa = PBXFileReference; fileEncoding = 4; lastKnownFileType = sourcecode.swift; path = ConstraintAttributes.swift; sourceTree = "<group>"; };
		FEB918FF1CA6F1D5008B5149 /* ConstraintDescription.swift */ = {isa = PBXFileReference; fileEncoding = 4; lastKnownFileType = sourcecode.swift; path = ConstraintDescription.swift; sourceTree = "<group>"; };
		FEB919001CA6F1D5008B5149 /* ConstraintItem.swift */ = {isa = PBXFileReference; fileEncoding = 4; lastKnownFileType = sourcecode.swift; path = ConstraintItem.swift; sourceTree = "<group>"; };
		FEB919011CA6F1D5008B5149 /* ConstraintMaker.swift */ = {isa = PBXFileReference; fileEncoding = 4; lastKnownFileType = sourcecode.swift; path = ConstraintMaker.swift; sourceTree = "<group>"; };
		FEB919021CA6F1D5008B5149 /* ConstraintRelation.swift */ = {isa = PBXFileReference; fileEncoding = 4; lastKnownFileType = sourcecode.swift; path = ConstraintRelation.swift; sourceTree = "<group>"; };
		FEB919031CA6F1D5008B5149 /* Debugging.swift */ = {isa = PBXFileReference; fileEncoding = 4; lastKnownFileType = sourcecode.swift; path = Debugging.swift; sourceTree = "<group>"; };
		FEB919041CA6F1D5008B5149 /* EdgeInsets.swift */ = {isa = PBXFileReference; fileEncoding = 4; lastKnownFileType = sourcecode.swift; path = EdgeInsets.swift; sourceTree = "<group>"; };
		FEB919051CA6F1D5008B5149 /* Info.plist */ = {isa = PBXFileReference; fileEncoding = 4; lastKnownFileType = text.plist.xml; path = Info.plist; sourceTree = "<group>"; };
		FEB919061CA6F1D5008B5149 /* LayoutConstraint.swift */ = {isa = PBXFileReference; fileEncoding = 4; lastKnownFileType = sourcecode.swift; path = LayoutConstraint.swift; sourceTree = "<group>"; };
		FEB919071CA6F1D5008B5149 /* SnapKit.h */ = {isa = PBXFileReference; fileEncoding = 4; lastKnownFileType = sourcecode.c.h; path = SnapKit.h; sourceTree = "<group>"; };
		FEB919081CA6F1D5008B5149 /* SnapKit.swift */ = {isa = PBXFileReference; fileEncoding = 4; lastKnownFileType = sourcecode.swift; path = SnapKit.swift; sourceTree = "<group>"; };
		FEB919091CA6F1D5008B5149 /* View+SnapKit.swift */ = {isa = PBXFileReference; fileEncoding = 4; lastKnownFileType = sourcecode.swift; path = "View+SnapKit.swift"; sourceTree = "<group>"; };
		FEB9190A1CA6F1D5008B5149 /* ViewController+SnapKit.swift */ = {isa = PBXFileReference; fileEncoding = 4; lastKnownFileType = sourcecode.swift; path = "ViewController+SnapKit.swift"; sourceTree = "<group>"; };
/* End PBXFileReference section */

/* Begin PBXFrameworksBuildPhase section */
		FE2C93AA1C9ED694005C0261 /* Frameworks */ = {
			isa = PBXFrameworksBuildPhase;
			buildActionMask = 2147483647;
			files = (
				17071981ED1D505D6C1C4207 /* Pods.framework in Frameworks */,
			);
			runOnlyForDeploymentPostprocessing = 0;
		};
		FE2C93BE1C9ED694005C0261 /* Frameworks */ = {
			isa = PBXFrameworksBuildPhase;
			buildActionMask = 2147483647;
			files = (
			);
			runOnlyForDeploymentPostprocessing = 0;
		};
		FE2C93C91C9ED694005C0261 /* Frameworks */ = {
			isa = PBXFrameworksBuildPhase;
			buildActionMask = 2147483647;
			files = (
			);
			runOnlyForDeploymentPostprocessing = 0;
		};
/* End PBXFrameworksBuildPhase section */

/* Begin PBXGroup section */
		0951BE58D65E568378B7BBC4 /* Pods */ = {
			isa = PBXGroup;
			children = (
				C6DB65FA6E221DAADD0147B6 /* Pods.debug.xcconfig */,
				385481D4C6B4CA0A6E418363 /* Pods.release.xcconfig */,
			);
			name = Pods;
			sourceTree = "<group>";
		};
		6A764F3C21FE08B66A275E8C /* Frameworks */ = {
			isa = PBXGroup;
			children = (
				94E84EFC62B643C3DFD32318 /* Pods.framework */,
			);
			name = Frameworks;
			sourceTree = "<group>";
		};
		FE2C93A41C9ED694005C0261 = {
			isa = PBXGroup;
			children = (
				FE2C93AF1C9ED694005C0261 /* GitHuber */,
				FE2C93C41C9ED694005C0261 /* GitHuberTests */,
				FE2C93CF1C9ED694005C0261 /* GitHuberUITests */,
				FE2C93AE1C9ED694005C0261 /* Products */,
				0951BE58D65E568378B7BBC4 /* Pods */,
				6A764F3C21FE08B66A275E8C /* Frameworks */,
			);
			sourceTree = "<group>";
		};
		FE2C93AE1C9ED694005C0261 /* Products */ = {
			isa = PBXGroup;
			children = (
				FE2C93AD1C9ED694005C0261 /* GitHuber.app */,
				FE2C93C11C9ED694005C0261 /* GitHuberTests.xctest */,
				FE2C93CC1C9ED694005C0261 /* GitHuberUITests.xctest */,
			);
			name = Products;
			sourceTree = "<group>";
		};
		FE2C93AF1C9ED694005C0261 /* GitHuber */ = {
			isa = PBXGroup;
			children = (
				FE2C93B01C9ED694005C0261 /* AppDelegate.swift */,
				FE2C93B21C9ED694005C0261 /* ViewController.swift */,
				FE2C93B41C9ED694005C0261 /* Main.storyboard */,
				FE2C93DE1C9ED6E4005C0261 /* TFCommon.swift */,
				FE2C93B71C9ED694005C0261 /* Assets.xcassets */,
				FE2C93E01C9EDE3B005C0261 /* Class */,
				FE2C93ED1C9EDE3B005C0261 /* Lib */,
				FE2C93B91C9ED694005C0261 /* LaunchScreen.storyboard */,
				FE2C93BC1C9ED694005C0261 /* Info.plist */,
			);
			path = GitHuber;
			sourceTree = "<group>";
		};
		FE2C93C41C9ED694005C0261 /* GitHuberTests */ = {
			isa = PBXGroup;
			children = (
				FE2C93C51C9ED694005C0261 /* GitHuberTests.swift */,
				FE2C93C71C9ED694005C0261 /* Info.plist */,
			);
			path = GitHuberTests;
			sourceTree = "<group>";
		};
		FE2C93CF1C9ED694005C0261 /* GitHuberUITests */ = {
			isa = PBXGroup;
			children = (
				FE2C93D01C9ED694005C0261 /* GitHuberUITests.swift */,
				FE2C93D21C9ED694005C0261 /* Info.plist */,
			);
			path = GitHuberUITests;
			sourceTree = "<group>";
		};
		FE2C93E01C9EDE3B005C0261 /* Class */ = {
			isa = PBXGroup;
			children = (
				FE2C93F61CA17FCD005C0261 /* Main */,
				FE798B991CA53F65004CADD8 /* Explore */,
				FE798BA11CA53F65004CADD8 /* Rank */,
				FE798B9D1CA53F65004CADD8 /* Me */,
				FE2C93E51C9EDE3B005C0261 /* Home */,
				FE2C93E11C9EDE3B005C0261 /* DisCover */,
				FE2C93E91C9EDE3B005C0261 /* Setting */,
			);
			path = Class;
			sourceTree = "<group>";
		};
		FE2C93E11C9EDE3B005C0261 /* DisCover */ = {
			isa = PBXGroup;
			children = (
				FE2C93E21C9EDE3B005C0261 /* Controller */,
				FE2C93E31C9EDE3B005C0261 /* Model */,
				FE2C93E41C9EDE3B005C0261 /* View */,
			);
			path = DisCover;
			sourceTree = "<group>";
		};
		FE2C93E21C9EDE3B005C0261 /* Controller */ = {
			isa = PBXGroup;
			children = (
			);
			path = Controller;
			sourceTree = "<group>";
		};
		FE2C93E31C9EDE3B005C0261 /* Model */ = {
			isa = PBXGroup;
			children = (
			);
			path = Model;
			sourceTree = "<group>";
		};
		FE2C93E41C9EDE3B005C0261 /* View */ = {
			isa = PBXGroup;
			children = (
			);
			path = View;
			sourceTree = "<group>";
		};
		FE2C93E51C9EDE3B005C0261 /* Home */ = {
			isa = PBXGroup;
			children = (
				FE2C93E61C9EDE3B005C0261 /* Controller */,
				FE2C93E71C9EDE3B005C0261 /* Model */,
				FE2C93E81C9EDE3B005C0261 /* View */,
			);
			path = Home;
			sourceTree = "<group>";
		};
		FE2C93E61C9EDE3B005C0261 /* Controller */ = {
			isa = PBXGroup;
			children = (
				FE2C93F01CA029EB005C0261 /* HomeViewController.swift */,
			);
			path = Controller;
			sourceTree = "<group>";
		};
		FE2C93E71C9EDE3B005C0261 /* Model */ = {
			isa = PBXGroup;
			children = (
			);
			path = Model;
			sourceTree = "<group>";
		};
		FE2C93E81C9EDE3B005C0261 /* View */ = {
			isa = PBXGroup;
			children = (
			);
			path = View;
			sourceTree = "<group>";
		};
		FE2C93E91C9EDE3B005C0261 /* Setting */ = {
			isa = PBXGroup;
			children = (
				FE2C93EA1C9EDE3B005C0261 /* Controller */,
				FE2C93EB1C9EDE3B005C0261 /* Model */,
				FE2C93EC1C9EDE3B005C0261 /* View */,
			);
			path = Setting;
			sourceTree = "<group>";
		};
		FE2C93EA1C9EDE3B005C0261 /* Controller */ = {
			isa = PBXGroup;
			children = (
			);
			path = Controller;
			sourceTree = "<group>";
		};
		FE2C93EB1C9EDE3B005C0261 /* Model */ = {
			isa = PBXGroup;
			children = (
			);
			path = Model;
			sourceTree = "<group>";
		};
		FE2C93EC1C9EDE3B005C0261 /* View */ = {
			isa = PBXGroup;
			children = (
			);
			path = View;
			sourceTree = "<group>";
		};
		FE2C93ED1C9EDE3B005C0261 /* Lib */ = {
			isa = PBXGroup;
			children = (
				FE4A2A6D1CA635A60038CF31 /* Resource */,
				FE2C93EE1C9EDE3B005C0261 /* Util */,
				FE2C93EF1C9EDE3B005C0261 /* Vendor */,
			);
			path = Lib;
			sourceTree = "<group>";
		};
		FE2C93EE1C9EDE3B005C0261 /* Util */ = {
			isa = PBXGroup;
			children = (
				FE2C93F21CA03800005C0261 /* Manager */,
			);
			path = Util;
			sourceTree = "<group>";
		};
		FE2C93EF1C9EDE3B005C0261 /* Vendor */ = {
			isa = PBXGroup;
			children = (
				FEB918FC1CA6F1D5008B5149 /* SnapKit */,
			);
			path = Vendor;
			sourceTree = "<group>";
		};
		FE2C93F21CA03800005C0261 /* Manager */ = {
			isa = PBXGroup;
			children = (
				FE2C93F41CA0389A005C0261 /* APINetTools.swift */,
			);
			path = Manager;
			sourceTree = "<group>";
		};
		FE2C93F61CA17FCD005C0261 /* Main */ = {
			isa = PBXGroup;
			children = (
				FE2C93F71CA17FCD005C0261 /* Base */,
			);
			path = Main;
			sourceTree = "<group>";
		};
		FE2C93F71CA17FCD005C0261 /* Base */ = {
			isa = PBXGroup;
			children = (
				FE2C93F81CA17FDE005C0261 /* BaseViewController.swift */,
				FEA7B0491CA56476007B0E94 /* BaseNavigationController.swift */,
				FE2C93FA1CA1801D005C0261 /* BaseTableViewController.swift */,
				FE2C93FC1CA18046005C0261 /* Base_TableViewController.swift */,
			);
			path = Base;
			sourceTree = "<group>";
		};
		FE4A2A6D1CA635A60038CF31 /* Resource */ = {
			isa = PBXGroup;
			children = (
				FE4A2A6E1CA635BA0038CF31 /* City.plist */,
			);
			path = Resource;
			sourceTree = "<group>";
		};
		FE798B991CA53F65004CADD8 /* Explore */ = {
			isa = PBXGroup;
			children = (
				FE798B9A1CA53F65004CADD8 /* Controller */,
				FE798B9B1CA53F65004CADD8 /* Model */,
				FE798B9C1CA53F65004CADD8 /* View */,
			);
			path = Explore;
			sourceTree = "<group>";
		};
		FE798B9A1CA53F65004CADD8 /* Controller */ = {
			isa = PBXGroup;
			children = (
				FE798BA51CA53F7F004CADD8 /* ExploreViewController.swift */,
			);
			path = Controller;
			sourceTree = "<group>";
		};
		FE798B9B1CA53F65004CADD8 /* Model */ = {
			isa = PBXGroup;
			children = (
				FEA7B04B1CA57691007B0E94 /* TrendModel.swift */,
				FEA7B04D1CA5781D007B0E94 /* Owner.swift */,
			);
			path = Model;
			sourceTree = "<group>";
		};
		FE798B9C1CA53F65004CADD8 /* View */ = {
			isa = PBXGroup;
			children = (
				FEA7B04F1CA57F37007B0E94 /* ExploreCell.swift */,
				FE5CD8411CA5508B00ACD52A /* ChooseLanguageView.swift */,
				FE5CD8431CA5509600ACD52A /* ChooseLanguageView.xib */,
				FEA7B0511CA62ADB007B0E94 /* ChooseLanguageCell.swift */,
				FEA7B0521CA62ADB007B0E94 /* ChooseLanguageCell.xib */,
				FE4A2A701CA636860038CF31 /* ChooseCityView.swift */,
				FE4A2A721CA636940038CF31 /* ChooseCityView.xib */,
			);
			path = View;
			sourceTree = "<group>";
		};
		FE798B9D1CA53F65004CADD8 /* Me */ = {
			isa = PBXGroup;
			children = (
				FE798B9E1CA53F65004CADD8 /* Controller */,
				FE798B9F1CA53F65004CADD8 /* Model */,
				FE798BA01CA53F65004CADD8 /* View */,
			);
			path = Me;
			sourceTree = "<group>";
		};
		FE798B9E1CA53F65004CADD8 /* Controller */ = {
			isa = PBXGroup;
			children = (
				FE798BA91CA53F96004CADD8 /* MeViewController.swift */,
				FEB918E41CA69A21008B5149 /* SettingViewController.swift */,
				FEB918E61CA6A1E0008B5149 /* AboutViewController.swift */,
				FEB918E81CA6B5C5008B5149 /* UserDetailViewController.swift */,
				FEB918F01CA6B784008B5149 /* UserEventViewController.swift */,
			);
			path = Controller;
			sourceTree = "<group>";
		};
		FE798B9F1CA53F65004CADD8 /* Model */ = {
			isa = PBXGroup;
			children = (
				FEB918FA1CA6DA30008B5149 /* UserDetailModel.swift */,
				FEB918F21CA6CC9F008B5149 /* EventModel.swift */,
				FEB918F41CA6CE3A008B5149 /* EventActor.swift */,
				FEB918F61CA6CE52008B5149 /* EventRepo.swift */,
				FEB918F81CA6CE65008B5149 /* EventPayload.swift */,
			);
			path = Model;
			sourceTree = "<group>";
		};
		FE798BA01CA53F65004CADD8 /* View */ = {
			isa = PBXGroup;
			children = (
				FEB918EA1CA6B5CD008B5149 /* UserDetailHeader.swift */,
				FEB918EB1CA6B5CD008B5149 /* UserDetailHeader.xib */,
				FEB918EC1CA6B5CD008B5149 /* UserListCell.swift */,
				FE391D841CA77C6D004C8FA7 /* UserButton.swift */,
				FE391D861CA77C7B004C8FA7 /* UserButton.xib */,
			);
			path = View;
			sourceTree = "<group>";
		};
		FE798BA11CA53F65004CADD8 /* Rank */ = {
			isa = PBXGroup;
			children = (
				FE798BA21CA53F65004CADD8 /* Controller */,
				FE798BA31CA53F65004CADD8 /* Model */,
				FE798BA41CA53F65004CADD8 /* View */,
			);
			path = Rank;
			sourceTree = "<group>";
		};
		FE798BA21CA53F65004CADD8 /* Controller */ = {
			isa = PBXGroup;
			children = (
				FE798BA71CA53F8C004CADD8 /* RankViewController.swift */,
			);
			path = Controller;
			sourceTree = "<group>";
		};
		FE798BA31CA53F65004CADD8 /* Model */ = {
			isa = PBXGroup;
			children = (
				FE4A2A741CA648950038CF31 /* RankUser.swift */,
			);
			path = Model;
			sourceTree = "<group>";
		};
		FE798BA41CA53F65004CADD8 /* View */ = {
			isa = PBXGroup;
			children = (
				FE4A2A761CA64E200038CF31 /* RankCell.swift */,
			);
			path = View;
			sourceTree = "<group>";
		};
		FEB918FC1CA6F1D5008B5149 /* SnapKit */ = {
			isa = PBXGroup;
			children = (
				FEB918FD1CA6F1D5008B5149 /* Constraint.swift */,
				FEB918FE1CA6F1D5008B5149 /* ConstraintAttributes.swift */,
				FEB918FF1CA6F1D5008B5149 /* ConstraintDescription.swift */,
				FEB919001CA6F1D5008B5149 /* ConstraintItem.swift */,
				FEB919011CA6F1D5008B5149 /* ConstraintMaker.swift */,
				FEB919021CA6F1D5008B5149 /* ConstraintRelation.swift */,
				FEB919031CA6F1D5008B5149 /* Debugging.swift */,
				FEB919041CA6F1D5008B5149 /* EdgeInsets.swift */,
				FEB919051CA6F1D5008B5149 /* Info.plist */,
				FEB919061CA6F1D5008B5149 /* LayoutConstraint.swift */,
				FEB919071CA6F1D5008B5149 /* SnapKit.h */,
				FEB919081CA6F1D5008B5149 /* SnapKit.swift */,
				FEB919091CA6F1D5008B5149 /* View+SnapKit.swift */,
				FEB9190A1CA6F1D5008B5149 /* ViewController+SnapKit.swift */,
			);
			path = SnapKit;
			sourceTree = "<group>";
		};
/* End PBXGroup section */

/* Begin PBXNativeTarget section */
		FE2C93AC1C9ED694005C0261 /* GitHuber */ = {
			isa = PBXNativeTarget;
			buildConfigurationList = FE2C93D51C9ED694005C0261 /* Build configuration list for PBXNativeTarget "GitHuber" */;
			buildPhases = (
				E45C2FE257402433FA699F69 /* Check Pods Manifest.lock */,
				FE2C93A91C9ED694005C0261 /* Sources */,
				FE2C93AA1C9ED694005C0261 /* Frameworks */,
				FE2C93AB1C9ED694005C0261 /* Resources */,
				65073E8DB462D18970D760BE /* Embed Pods Frameworks */,
				EBF577BAD95D83216FC0B9DE /* Copy Pods Resources */,
			);
			buildRules = (
			);
			dependencies = (
			);
			name = GitHuber;
			productName = GitHuber;
			productReference = FE2C93AD1C9ED694005C0261 /* GitHuber.app */;
			productType = "com.apple.product-type.application";
		};
		FE2C93C01C9ED694005C0261 /* GitHuberTests */ = {
			isa = PBXNativeTarget;
			buildConfigurationList = FE2C93D81C9ED694005C0261 /* Build configuration list for PBXNativeTarget "GitHuberTests" */;
			buildPhases = (
				FE2C93BD1C9ED694005C0261 /* Sources */,
				FE2C93BE1C9ED694005C0261 /* Frameworks */,
				FE2C93BF1C9ED694005C0261 /* Resources */,
			);
			buildRules = (
			);
			dependencies = (
				FE2C93C31C9ED694005C0261 /* PBXTargetDependency */,
			);
			name = GitHuberTests;
			productName = GitHuberTests;
			productReference = FE2C93C11C9ED694005C0261 /* GitHuberTests.xctest */;
			productType = "com.apple.product-type.bundle.unit-test";
		};
		FE2C93CB1C9ED694005C0261 /* GitHuberUITests */ = {
			isa = PBXNativeTarget;
			buildConfigurationList = FE2C93DB1C9ED694005C0261 /* Build configuration list for PBXNativeTarget "GitHuberUITests" */;
			buildPhases = (
				FE2C93C81C9ED694005C0261 /* Sources */,
				FE2C93C91C9ED694005C0261 /* Frameworks */,
				FE2C93CA1C9ED694005C0261 /* Resources */,
			);
			buildRules = (
			);
			dependencies = (
				FE2C93CE1C9ED694005C0261 /* PBXTargetDependency */,
			);
			name = GitHuberUITests;
			productName = GitHuberUITests;
			productReference = FE2C93CC1C9ED694005C0261 /* GitHuberUITests.xctest */;
			productType = "com.apple.product-type.bundle.ui-testing";
		};
/* End PBXNativeTarget section */

/* Begin PBXProject section */
		FE2C93A51C9ED694005C0261 /* Project object */ = {
			isa = PBXProject;
			attributes = {
				LastSwiftUpdateCheck = 0720;
				LastUpgradeCheck = 0720;
				ORGANIZATIONNAME = tengfei;
				TargetAttributes = {
					FE2C93AC1C9ED694005C0261 = {
						CreatedOnToolsVersion = 7.2.1;
					};
					FE2C93C01C9ED694005C0261 = {
						CreatedOnToolsVersion = 7.2.1;
						TestTargetID = FE2C93AC1C9ED694005C0261;
					};
					FE2C93CB1C9ED694005C0261 = {
						CreatedOnToolsVersion = 7.2.1;
						TestTargetID = FE2C93AC1C9ED694005C0261;
					};
				};
			};
			buildConfigurationList = FE2C93A81C9ED694005C0261 /* Build configuration list for PBXProject "GitHuber" */;
			compatibilityVersion = "Xcode 3.2";
			developmentRegion = English;
			hasScannedForEncodings = 0;
			knownRegions = (
				en,
				Base,
			);
			mainGroup = FE2C93A41C9ED694005C0261;
			productRefGroup = FE2C93AE1C9ED694005C0261 /* Products */;
			projectDirPath = "";
			projectRoot = "";
			targets = (
				FE2C93AC1C9ED694005C0261 /* GitHuber */,
				FE2C93C01C9ED694005C0261 /* GitHuberTests */,
				FE2C93CB1C9ED694005C0261 /* GitHuberUITests */,
			);
		};
/* End PBXProject section */

/* Begin PBXResourcesBuildPhase section */
		FE2C93AB1C9ED694005C0261 /* Resources */ = {
			isa = PBXResourcesBuildPhase;
			buildActionMask = 2147483647;
			files = (
				FE2C93BB1C9ED694005C0261 /* LaunchScreen.storyboard in Resources */,
				FEA7B0541CA62ADB007B0E94 /* ChooseLanguageCell.xib in Resources */,
				FE391D871CA77C7B004C8FA7 /* UserButton.xib in Resources */,
				FEB919131CA6F1D5008B5149 /* Info.plist in Resources */,
				FE2C93B81C9ED694005C0261 /* Assets.xcassets in Resources */,
				FE4A2A731CA636940038CF31 /* ChooseCityView.xib in Resources */,
				FE4A2A6F1CA635BA0038CF31 /* City.plist in Resources */,
				FE2C93B61C9ED694005C0261 /* Main.storyboard in Resources */,
				FE5CD8441CA5509600ACD52A /* ChooseLanguageView.xib in Resources */,
				FEB918EE1CA6B5CD008B5149 /* UserDetailHeader.xib in Resources */,
			);
			runOnlyForDeploymentPostprocessing = 0;
		};
		FE2C93BF1C9ED694005C0261 /* Resources */ = {
			isa = PBXResourcesBuildPhase;
			buildActionMask = 2147483647;
			files = (
			);
			runOnlyForDeploymentPostprocessing = 0;
		};
		FE2C93CA1C9ED694005C0261 /* Resources */ = {
			isa = PBXResourcesBuildPhase;
			buildActionMask = 2147483647;
			files = (
			);
			runOnlyForDeploymentPostprocessing = 0;
		};
/* End PBXResourcesBuildPhase section */

/* Begin PBXShellScriptBuildPhase section */
		65073E8DB462D18970D760BE /* Embed Pods Frameworks */ = {
			isa = PBXShellScriptBuildPhase;
			buildActionMask = 2147483647;
			files = (
			);
			inputPaths = (
			);
			name = "Embed Pods Frameworks";
			outputPaths = (
			);
			runOnlyForDeploymentPostprocessing = 0;
			shellPath = /bin/sh;
			shellScript = "\"${SRCROOT}/Pods/Target Support Files/Pods/Pods-frameworks.sh\"\n";
			showEnvVarsInLog = 0;
		};
		E45C2FE257402433FA699F69 /* Check Pods Manifest.lock */ = {
			isa = PBXShellScriptBuildPhase;
			buildActionMask = 2147483647;
			files = (
			);
			inputPaths = (
			);
			name = "Check Pods Manifest.lock";
			outputPaths = (
			);
			runOnlyForDeploymentPostprocessing = 0;
			shellPath = /bin/sh;
			shellScript = "diff \"${PODS_ROOT}/../Podfile.lock\" \"${PODS_ROOT}/Manifest.lock\" > /dev/null\nif [[ $? != 0 ]] ; then\n    cat << EOM\nerror: The sandbox is not in sync with the Podfile.lock. Run 'pod install' or update your CocoaPods installation.\nEOM\n    exit 1\nfi\n";
			showEnvVarsInLog = 0;
		};
		EBF577BAD95D83216FC0B9DE /* Copy Pods Resources */ = {
			isa = PBXShellScriptBuildPhase;
			buildActionMask = 2147483647;
			files = (
			);
			inputPaths = (
			);
			name = "Copy Pods Resources";
			outputPaths = (
			);
			runOnlyForDeploymentPostprocessing = 0;
			shellPath = /bin/sh;
			shellScript = "\"${SRCROOT}/Pods/Target Support Files/Pods/Pods-resources.sh\"\n";
			showEnvVarsInLog = 0;
		};
/* End PBXShellScriptBuildPhase section */

/* Begin PBXSourcesBuildPhase section */
		FE2C93A91C9ED694005C0261 /* Sources */ = {
			isa = PBXSourcesBuildPhase;
			buildActionMask = 2147483647;
			files = (
				FE2C93DF1C9ED6E4005C0261 /* TFCommon.swift in Sources */,
				FEB9190D1CA6F1D5008B5149 /* ConstraintDescription.swift in Sources */,
				FE4A2A751CA648950038CF31 /* RankUser.swift in Sources */,
				FE798BA81CA53F8C004CADD8 /* RankViewController.swift in Sources */,
				FE4A2A771CA64E200038CF31 /* RankCell.swift in Sources */,
				FEB919161CA6F1D5008B5149 /* View+SnapKit.swift in Sources */,
				FEB919101CA6F1D5008B5149 /* ConstraintRelation.swift in Sources */,
				FE2C93F51CA0389A005C0261 /* APINetTools.swift in Sources */,
				FEA7B04A1CA56476007B0E94 /* BaseNavigationController.swift in Sources */,
				FEB919151CA6F1D5008B5149 /* SnapKit.swift in Sources */,
				FE391D851CA77C6D004C8FA7 /* UserButton.swift in Sources */,
				FE2C93FD1CA18046005C0261 /* Base_TableViewController.swift in Sources */,
				FEB918F91CA6CE65008B5149 /* EventPayload.swift in Sources */,
				FEB918EF1CA6B5CD008B5149 /* UserListCell.swift in Sources */,
				FE2C93B31C9ED694005C0261 /* ViewController.swift in Sources */,
				FE2C93FB1CA1801D005C0261 /* BaseTableViewController.swift in Sources */,
				FEB918F51CA6CE3A008B5149 /* EventActor.swift in Sources */,
				FEB919111CA6F1D5008B5149 /* Debugging.swift in Sources */,
				FEA7B04E1CA5781D007B0E94 /* Owner.swift in Sources */,
				FEB9190E1CA6F1D5008B5149 /* ConstraintItem.swift in Sources */,
				FE798BA61CA53F7F004CADD8 /* ExploreViewController.swift in Sources */,
				FEB918F11CA6B784008B5149 /* UserEventViewController.swift in Sources */,
				FEB9190C1CA6F1D5008B5149 /* ConstraintAttributes.swift in Sources */,
				FEB919141CA6F1D5008B5149 /* LayoutConstraint.swift in Sources */,
				FE4A2A711CA636860038CF31 /* ChooseCityView.swift in Sources */,
				FEB9190B1CA6F1D5008B5149 /* Constraint.swift in Sources */,
				FE5CD8421CA5508B00ACD52A /* ChooseLanguageView.swift in Sources */,
				FEB918E51CA69A21008B5149 /* SettingViewController.swift in Sources */,
				FEB918E91CA6B5C5008B5149 /* UserDetailViewController.swift in Sources */,
				FEA7B0501CA57F37007B0E94 /* ExploreCell.swift in Sources */,
				FEB919171CA6F1D5008B5149 /* ViewController+SnapKit.swift in Sources */,
				FEB919121CA6F1D5008B5149 /* EdgeInsets.swift in Sources */,
				FE798BAA1CA53F96004CADD8 /* MeViewController.swift in Sources */,
				FEB918F71CA6CE52008B5149 /* EventRepo.swift in Sources */,
				FEB918ED1CA6B5CD008B5149 /* UserDetailHeader.swift in Sources */,
				FE2C93B11C9ED694005C0261 /* AppDelegate.swift in Sources */,
				FEA7B04C1CA57691007B0E94 /* TrendModel.swift in Sources */,
				FEB9190F1CA6F1D5008B5149 /* ConstraintMaker.swift in Sources */,
				FEB918FB1CA6DA30008B5149 /* UserDetailModel.swift in Sources */,
				FEA7B0531CA62ADB007B0E94 /* ChooseLanguageCell.swift in Sources */,
				FE2C93F11CA029EB005C0261 /* HomeViewController.swift in Sources */,
				FEB918F31CA6CC9F008B5149 /* EventModel.swift in Sources */,
				FE2C93F91CA17FDE005C0261 /* BaseViewController.swift in Sources */,
				FEB918E71CA6A1E0008B5149 /* AboutViewController.swift in Sources */,
			);
			runOnlyForDeploymentPostprocessing = 0;
		};
		FE2C93BD1C9ED694005C0261 /* Sources */ = {
			isa = PBXSourcesBuildPhase;
			buildActionMask = 2147483647;
			files = (
				FE2C93C61C9ED694005C0261 /* GitHuberTests.swift in Sources */,
			);
			runOnlyForDeploymentPostprocessing = 0;
		};
		FE2C93C81C9ED694005C0261 /* Sources */ = {
			isa = PBXSourcesBuildPhase;
			buildActionMask = 2147483647;
			files = (
				FE2C93D11C9ED694005C0261 /* GitHuberUITests.swift in Sources */,
			);
			runOnlyForDeploymentPostprocessing = 0;
		};
/* End PBXSourcesBuildPhase section */

/* Begin PBXTargetDependency section */
		FE2C93C31C9ED694005C0261 /* PBXTargetDependency */ = {
			isa = PBXTargetDependency;
			target = FE2C93AC1C9ED694005C0261 /* GitHuber */;
			targetProxy = FE2C93C21C9ED694005C0261 /* PBXContainerItemProxy */;
		};
		FE2C93CE1C9ED694005C0261 /* PBXTargetDependency */ = {
			isa = PBXTargetDependency;
			target = FE2C93AC1C9ED694005C0261 /* GitHuber */;
			targetProxy = FE2C93CD1C9ED694005C0261 /* PBXContainerItemProxy */;
		};
/* End PBXTargetDependency section */

/* Begin PBXVariantGroup section */
		FE2C93B41C9ED694005C0261 /* Main.storyboard */ = {
			isa = PBXVariantGroup;
			children = (
				FE2C93B51C9ED694005C0261 /* Base */,
			);
			name = Main.storyboard;
			sourceTree = "<group>";
		};
		FE2C93B91C9ED694005C0261 /* LaunchScreen.storyboard */ = {
			isa = PBXVariantGroup;
			children = (
				FE2C93BA1C9ED694005C0261 /* Base */,
			);
			name = LaunchScreen.storyboard;
			sourceTree = "<group>";
		};
/* End PBXVariantGroup section */

/* Begin XCBuildConfiguration section */
		FE2C93D31C9ED694005C0261 /* Debug */ = {
			isa = XCBuildConfiguration;
			buildSettings = {
				ALWAYS_SEARCH_USER_PATHS = NO;
				CLANG_CXX_LANGUAGE_STANDARD = "gnu++0x";
				CLANG_CXX_LIBRARY = "libc++";
				CLANG_ENABLE_MODULES = YES;
				CLANG_ENABLE_OBJC_ARC = YES;
				CLANG_WARN_BOOL_CONVERSION = YES;
				CLANG_WARN_CONSTANT_CONVERSION = YES;
				CLANG_WARN_DIRECT_OBJC_ISA_USAGE = YES_ERROR;
				CLANG_WARN_EMPTY_BODY = YES;
				CLANG_WARN_ENUM_CONVERSION = YES;
				CLANG_WARN_INT_CONVERSION = YES;
				CLANG_WARN_OBJC_ROOT_CLASS = YES_ERROR;
				CLANG_WARN_UNREACHABLE_CODE = YES;
				CLANG_WARN__DUPLICATE_METHOD_MATCH = YES;
				"CODE_SIGN_IDENTITY[sdk=iphoneos*]" = "iPhone Developer";
				COPY_PHASE_STRIP = NO;
				DEBUG_INFORMATION_FORMAT = dwarf;
				ENABLE_STRICT_OBJC_MSGSEND = YES;
				ENABLE_TESTABILITY = YES;
				GCC_C_LANGUAGE_STANDARD = gnu99;
				GCC_DYNAMIC_NO_PIC = NO;
				GCC_NO_COMMON_BLOCKS = YES;
				GCC_OPTIMIZATION_LEVEL = 0;
				GCC_PREPROCESSOR_DEFINITIONS = (
					"DEBUG=1",
					"$(inherited)",
				);
				GCC_WARN_64_TO_32_BIT_CONVERSION = YES;
				GCC_WARN_ABOUT_RETURN_TYPE = YES_ERROR;
				GCC_WARN_UNDECLARED_SELECTOR = YES;
				GCC_WARN_UNINITIALIZED_AUTOS = YES_AGGRESSIVE;
				GCC_WARN_UNUSED_FUNCTION = YES;
				GCC_WARN_UNUSED_VARIABLE = YES;
				IPHONEOS_DEPLOYMENT_TARGET = 9.2;
				MTL_ENABLE_DEBUG_INFO = YES;
				ONLY_ACTIVE_ARCH = YES;
				SDKROOT = iphoneos;
				SWIFT_OPTIMIZATION_LEVEL = "-Onone";
			};
			name = Debug;
		};
		FE2C93D41C9ED694005C0261 /* Release */ = {
			isa = XCBuildConfiguration;
			buildSettings = {
				ALWAYS_SEARCH_USER_PATHS = NO;
				CLANG_CXX_LANGUAGE_STANDARD = "gnu++0x";
				CLANG_CXX_LIBRARY = "libc++";
				CLANG_ENABLE_MODULES = YES;
				CLANG_ENABLE_OBJC_ARC = YES;
				CLANG_WARN_BOOL_CONVERSION = YES;
				CLANG_WARN_CONSTANT_CONVERSION = YES;
				CLANG_WARN_DIRECT_OBJC_ISA_USAGE = YES_ERROR;
				CLANG_WARN_EMPTY_BODY = YES;
				CLANG_WARN_ENUM_CONVERSION = YES;
				CLANG_WARN_INT_CONVERSION = YES;
				CLANG_WARN_OBJC_ROOT_CLASS = YES_ERROR;
				CLANG_WARN_UNREACHABLE_CODE = YES;
				CLANG_WARN__DUPLICATE_METHOD_MATCH = YES;
				"CODE_SIGN_IDENTITY[sdk=iphoneos*]" = "iPhone Developer";
				COPY_PHASE_STRIP = NO;
				DEBUG_INFORMATION_FORMAT = "dwarf-with-dsym";
				ENABLE_NS_ASSERTIONS = NO;
				ENABLE_STRICT_OBJC_MSGSEND = YES;
				GCC_C_LANGUAGE_STANDARD = gnu99;
				GCC_NO_COMMON_BLOCKS = YES;
				GCC_WARN_64_TO_32_BIT_CONVERSION = YES;
				GCC_WARN_ABOUT_RETURN_TYPE = YES_ERROR;
				GCC_WARN_UNDECLARED_SELECTOR = YES;
				GCC_WARN_UNINITIALIZED_AUTOS = YES_AGGRESSIVE;
				GCC_WARN_UNUSED_FUNCTION = YES;
				GCC_WARN_UNUSED_VARIABLE = YES;
				IPHONEOS_DEPLOYMENT_TARGET = 9.2;
				MTL_ENABLE_DEBUG_INFO = NO;
				SDKROOT = iphoneos;
				VALIDATE_PRODUCT = YES;
			};
			name = Release;
		};
		FE2C93D61C9ED694005C0261 /* Debug */ = {
			isa = XCBuildConfiguration;
			baseConfigurationReference = C6DB65FA6E221DAADD0147B6 /* Pods.debug.xcconfig */;
			buildSettings = {
				ASSETCATALOG_COMPILER_APPICON_NAME = AppIcon;
				INFOPLIST_FILE = GitHuber/Info.plist;
				IPHONEOS_DEPLOYMENT_TARGET = 9.0;
				LD_RUNPATH_SEARCH_PATHS = "$(inherited) @executable_path/Frameworks";
				PRODUCT_BUNDLE_IDENTIFIER = com.ftf.GitHuber;
				PRODUCT_NAME = "$(TARGET_NAME)";
				TARGETED_DEVICE_FAMILY = "1,2";
			};
			name = Debug;
		};
		FE2C93D71C9ED694005C0261 /* Release */ = {
			isa = XCBuildConfiguration;
			baseConfigurationReference = 385481D4C6B4CA0A6E418363 /* Pods.release.xcconfig */;
			buildSettings = {
				ASSETCATALOG_COMPILER_APPICON_NAME = AppIcon;
				INFOPLIST_FILE = GitHuber/Info.plist;
				IPHONEOS_DEPLOYMENT_TARGET = 9.0;
				LD_RUNPATH_SEARCH_PATHS = "$(inherited) @executable_path/Frameworks";
				PRODUCT_BUNDLE_IDENTIFIER = com.ftf.GitHuber;
				PRODUCT_NAME = "$(TARGET_NAME)";
				TARGETED_DEVICE_FAMILY = "1,2";
			};
			name = Release;
		};
		FE2C93D91C9ED694005C0261 /* Debug */ = {
			isa = XCBuildConfiguration;
			buildSettings = {
				BUNDLE_LOADER = "$(TEST_HOST)";
				INFOPLIST_FILE = GitHuberTests/Info.plist;
				LD_RUNPATH_SEARCH_PATHS = "$(inherited) @executable_path/Frameworks @loader_path/Frameworks";
				PRODUCT_BUNDLE_IDENTIFIER = com.ftf.GitHuberTests;
				PRODUCT_NAME = "$(TARGET_NAME)";
				TEST_HOST = "$(BUILT_PRODUCTS_DIR)/GitHuber.app/GitHuber";
			};
			name = Debug;
		};
		FE2C93DA1C9ED694005C0261 /* Release */ = {
			isa = XCBuildConfiguration;
			buildSettings = {
				BUNDLE_LOADER = "$(TEST_HOST)";
				INFOPLIST_FILE = GitHuberTests/Info.plist;
				LD_RUNPATH_SEARCH_PATHS = "$(inherited) @executable_path/Frameworks @loader_path/Frameworks";
				PRODUCT_BUNDLE_IDENTIFIER = com.ftf.GitHuberTests;
				PRODUCT_NAME = "$(TARGET_NAME)";
				TEST_HOST = "$(BUILT_PRODUCTS_DIR)/GitHuber.app/GitHuber";
			};
			name = Release;
		};
		FE2C93DC1C9ED694005C0261 /* Debug */ = {
			isa = XCBuildConfiguration;
			buildSettings = {
				INFOPLIST_FILE = GitHuberUITests/Info.plist;
				LD_RUNPATH_SEARCH_PATHS = "$(inherited) @executable_path/Frameworks @loader_path/Frameworks";
				PRODUCT_BUNDLE_IDENTIFIER = com.ftf.GitHuberUITests;
				PRODUCT_NAME = "$(TARGET_NAME)";
				TEST_TARGET_NAME = GitHuber;
				USES_XCTRUNNER = YES;
			};
			name = Debug;
		};
		FE2C93DD1C9ED694005C0261 /* Release */ = {
			isa = XCBuildConfiguration;
			buildSettings = {
				INFOPLIST_FILE = GitHuberUITests/Info.plist;
				LD_RUNPATH_SEARCH_PATHS = "$(inherited) @executable_path/Frameworks @loader_path/Frameworks";
				PRODUCT_BUNDLE_IDENTIFIER = com.ftf.GitHuberUITests;
				PRODUCT_NAME = "$(TARGET_NAME)";
				TEST_TARGET_NAME = GitHuber;
				USES_XCTRUNNER = YES;
			};
			name = Release;
		};
/* End XCBuildConfiguration section */

/* Begin XCConfigurationList section */
		FE2C93A81C9ED694005C0261 /* Build configuration list for PBXProject "GitHuber" */ = {
			isa = XCConfigurationList;
			buildConfigurations = (
				FE2C93D31C9ED694005C0261 /* Debug */,
				FE2C93D41C9ED694005C0261 /* Release */,
			);
			defaultConfigurationIsVisible = 0;
			defaultConfigurationName = Release;
		};
		FE2C93D51C9ED694005C0261 /* Build configuration list for PBXNativeTarget "GitHuber" */ = {
			isa = XCConfigurationList;
			buildConfigurations = (
				FE2C93D61C9ED694005C0261 /* Debug */,
				FE2C93D71C9ED694005C0261 /* Release */,
			);
			defaultConfigurationIsVisible = 0;
			defaultConfigurationName = Release;
		};
		FE2C93D81C9ED694005C0261 /* Build configuration list for PBXNativeTarget "GitHuberTests" */ = {
			isa = XCConfigurationList;
			buildConfigurations = (
				FE2C93D91C9ED694005C0261 /* Debug */,
				FE2C93DA1C9ED694005C0261 /* Release */,
			);
			defaultConfigurationIsVisible = 0;
			defaultConfigurationName = Release;
		};
		FE2C93DB1C9ED694005C0261 /* Build configuration list for PBXNativeTarget "GitHuberUITests" */ = {
			isa = XCConfigurationList;
			buildConfigurations = (
				FE2C93DC1C9ED694005C0261 /* Debug */,
				FE2C93DD1C9ED694005C0261 /* Release */,
			);
			defaultConfigurationIsVisible = 0;
			defaultConfigurationName = Release;
		};
/* End XCConfigurationList section */
	};
	rootObject = FE2C93A51C9ED694005C0261 /* Project object */;
}
